
Microsoft Visual Studio Solution File, Format Version 12.00
# Visual Studio Version 17
VisualStudioVersion = 17.14.36518.9 d17.14
MinimumVisualStudioVersion = 10.0.40219.1
Project("{FAE04EC0-301F-11D3-BF4B-00C04F79EFBC}") = "Console С# Project", "Console С# Project.csproj", "{9F1160D3-0D80-4F31-8AB3-2D80804F714D}"
EndProject
Global
	GlobalSection(SolutionConfigurationPlatforms) = preSolution
		Debug|Any CPU = Debug|Any CPU
		Release|Any CPU = Release|Any CPU
	EndGlobalSection
	GlobalSection(ProjectConfigurationPlatforms) = postSolution
		{9F1160D3-0D80-4F31-8AB3-2D80804F714D}.Debug|Any CPU.ActiveCfg = Debug|Any CPU
		{9F1160D3-0D80-4F31-8AB3-2D80804F714D}.Debug|Any CPU.Build.0 = Debug|Any CPU
		{9F1160D3-0D80-4F31-8AB3-2D80804F714D}.Release|Any CPU.ActiveCfg = Release|Any CPU
		{9F1160D3-0D80-4F31-8AB3-2D80804F714D}.Release|Any CPU.Build.0 = Release|Any CPU
	EndGlobalSection
	GlobalSection(SolutionProperties) = preSolution
		HideSolutionNode = FALSE
	EndGlobalSection
	GlobalSection(ExtensibilityGlobals) = postSolution
		SolutionGuid = {22716A71-9D69-4C14-8214-205B03EF5360}
	EndGlobalSection
EndGlobal
