
Microsoft Visual Studio Solution File, Format Version 12.00
# Visual Studio Version 17
VisualStudioVersion = 17.14.36518.9 d17.14
MinimumVisualStudioVersion = 10.0.40219.1
Project("{FAE04EC0-301F-11D3-BF4B-00C04F79EFBC}") = "Console С#OOP4", "Console С#OOP4.csproj", "{65E959F4-E5BA-4100-A677-0639B8AF62A3}"
EndProject
Global
	GlobalSection(SolutionConfigurationPlatforms) = preSolution
		Debug|Any CPU = Debug|Any CPU
		Release|Any CPU = Release|Any CPU
	EndGlobalSection
	GlobalSection(ProjectConfigurationPlatforms) = postSolution
		{65E959F4-E5BA-4100-A677-0639B8AF62A3}.Debug|Any CPU.ActiveCfg = Debug|Any CPU
		{65E959F4-E5BA-4100-A677-0639B8AF62A3}.Debug|Any CPU.Build.0 = Debug|Any CPU
		{65E959F4-E5BA-4100-A677-0639B8AF62A3}.Release|Any CPU.ActiveCfg = Release|Any CPU
		{65E959F4-E5BA-4100-A677-0639B8AF62A3}.Release|Any CPU.Build.0 = Release|Any CPU
	EndGlobalSection
	GlobalSection(SolutionProperties) = preSolution
		HideSolutionNode = FALSE
	EndGlobalSection
	GlobalSection(ExtensibilityGlobals) = postSolution
		SolutionGuid = {5015DD69-7DFE-4A83-9797-C437B0E2D738}
	EndGlobalSection
EndGlobal
