
Microsoft Visual Studio Solution File, Format Version 12.00
# Visual Studio Version 17
VisualStudioVersion = 17.14.36518.9 d17.14
MinimumVisualStudioVersion = 10.0.40219.1
Project("{FAE04EC0-301F-11D3-BF4B-00C04F79EFBC}") = "Console С#OOP13", "Console С#OOP13.csproj", "{EEAEF2AE-FBDA-4E6C-86F4-B86C525A8B14}"
EndProject
Global
	GlobalSection(SolutionConfigurationPlatforms) = preSolution
		Debug|Any CPU = Debug|Any CPU
		Release|Any CPU = Release|Any CPU
	EndGlobalSection
	GlobalSection(ProjectConfigurationPlatforms) = postSolution
		{EEAEF2AE-FBDA-4E6C-86F4-B86C525A8B14}.Debug|Any CPU.ActiveCfg = Debug|Any CPU
		{EEAEF2AE-FBDA-4E6C-86F4-B86C525A8B14}.Debug|Any CPU.Build.0 = Debug|Any CPU
		{EEAEF2AE-FBDA-4E6C-86F4-B86C525A8B14}.Release|Any CPU.ActiveCfg = Release|Any CPU
		{EEAEF2AE-FBDA-4E6C-86F4-B86C525A8B14}.Release|Any CPU.Build.0 = Release|Any CPU
	EndGlobalSection
	GlobalSection(SolutionProperties) = preSolution
		HideSolutionNode = FALSE
	EndGlobalSection
	GlobalSection(ExtensibilityGlobals) = postSolution
		SolutionGuid = {E3349D50-6B8D-486F-8D38-255AAA646F9D}
	EndGlobalSection
EndGlobal
